
Microsoft Visual Studio Solution File, Format Version 12.00
# Visual Studio 15
VisualStudioVersion = 15.0.28307.271
MinimumVisualStudioVersion = 10.0.40219.1
Project("{FAE04EC0-301F-11D3-BF4B-00C04F79EFBC}") = "UI", "UI\UI.csproj", "{FA01CF9A-B717-46DB-BD2A-F8B90950BF2A}"
EndProject
Project("{FAE04EC0-301F-11D3-BF4B-00C04F79EFBC}") = "Data", "Data\Data.csproj", "{913DE735-E158-4B08-8139-AF080E0A5F5A}"
EndProject
Project("{FAE04EC0-301F-11D3-BF4B-00C04F79EFBC}") = "Business", "Business\Business.csproj", "{90BDAF3A-0B9C-45F8-8D9D-E569B1FFD659}"
EndProject
Global
	GlobalSection(SolutionConfigurationPlatforms) = preSolution
		Debug|Any CPU = Debug|Any CPU
		Release|Any CPU = Release|Any CPU
	EndGlobalSection
	GlobalSection(ProjectConfigurationPlatforms) = postSolution
		{FA01CF9A-B717-46DB-BD2A-F8B90950BF2A}.Debug|Any CPU.ActiveCfg = Debug|Any CPU
		{FA01CF9A-B717-46DB-BD2A-F8B90950BF2A}.Debug|Any CPU.Build.0 = Debug|Any CPU
		{FA01CF9A-B717-46DB-BD2A-F8B90950BF2A}.Release|Any CPU.ActiveCfg = Release|Any CPU
		{FA01CF9A-B717-46DB-BD2A-F8B90950BF2A}.Release|Any CPU.Build.0 = Release|Any CPU
		{913DE735-E158-4B08-8139-AF080E0A5F5A}.Debug|Any CPU.ActiveCfg = Debug|Any CPU
		{913DE735-E158-4B08-8139-AF080E0A5F5A}.Debug|Any CPU.Build.0 = Debug|Any CPU
		{913DE735-E158-4B08-8139-AF080E0A5F5A}.Release|Any CPU.ActiveCfg = Release|Any CPU
		{913DE735-E158-4B08-8139-AF080E0A5F5A}.Release|Any CPU.Build.0 = Release|Any CPU
		{90BDAF3A-0B9C-45F8-8D9D-E569B1FFD659}.Debug|Any CPU.ActiveCfg = Debug|Any CPU
		{90BDAF3A-0B9C-45F8-8D9D-E569B1FFD659}.Debug|Any CPU.Build.0 = Debug|Any CPU
		{90BDAF3A-0B9C-45F8-8D9D-E569B1FFD659}.Release|Any CPU.ActiveCfg = Release|Any CPU
		{90BDAF3A-0B9C-45F8-8D9D-E569B1FFD659}.Release|Any CPU.Build.0 = Release|Any CPU
	EndGlobalSection
	GlobalSection(SolutionProperties) = preSolution
		HideSolutionNode = FALSE
	EndGlobalSection
	GlobalSection(ExtensibilityGlobals) = postSolution
		SolutionGuid = {FB3DC519-86DB-46B7-BEA5-55E52540641D}
	EndGlobalSection
EndGlobal
